
Microsoft Visual Studio Solution File, Format Version 12.00
# Visual Studio Version 17
VisualStudioVersion = 17.10.35122.118
MinimumVisualStudioVersion = 10.0.40219.1
Project("{8BC9CEB8-8B4A-11D0-8D11-00A0C91BC942}") = "Expat.Shared", "Expat.Shared\Expat.Shared.vcxitems", "{ADAA320E-9A19-4726-9AAB-075C867172AD}"
EndProject
Project("{8BC9CEB8-8B4A-11D0-8D11-00A0C91BC942}") = "Expat.Static.VS2019", "Expat.Static.VS2019\Expat.Static.VS2019.vcxproj", "{8DE9849B-DFC0-4A9C-946E-74F0035F321F}"
EndProject
Project("{2150E333-8FDC-42A3-9474-1A3956D46DE8}") = "Nugetter", "Nugetter", "{9B236F00-1DE5-4BB3-985D-8FBD9719FEAB}"
	ProjectSection(SolutionItems) = preProject
		NuGetter\BuildLocalNuget.bat = NuGetter\BuildLocalNuget.bat
		NuGetter\expat-tekla.nuspec = NuGetter\expat-tekla.nuspec
		NuGetter\expat-tekla.targets = NuGetter\expat-tekla.targets
		NuGetter\ver.txt = NuGetter\ver.txt
	EndProjectSection
EndProject
Global
	GlobalSection(SolutionConfigurationPlatforms) = preSolution
		DebugCRT|x64 = DebugCRT|x64
		Release|x64 = Release|x64
	EndGlobalSection
	GlobalSection(ProjectConfigurationPlatforms) = postSolution
		{8DE9849B-DFC0-4A9C-946E-74F0035F321F}.DebugCRT|x64.ActiveCfg = DebugCRT|x64
		{8DE9849B-DFC0-4A9C-946E-74F0035F321F}.DebugCRT|x64.Build.0 = DebugCRT|x64
		{8DE9849B-DFC0-4A9C-946E-74F0035F321F}.Release|x64.ActiveCfg = Release|x64
		{8DE9849B-DFC0-4A9C-946E-74F0035F321F}.Release|x64.Build.0 = Release|x64
	EndGlobalSection
	GlobalSection(SolutionProperties) = preSolution
		HideSolutionNode = FALSE
	EndGlobalSection
	GlobalSection(ExtensibilityGlobals) = postSolution
		SolutionGuid = {3A57DEDC-7A4E-486B-8C77-9023CCDC579F}
	EndGlobalSection
	GlobalSection(SharedMSBuildProjectFiles) = preSolution
		Expat.Shared\Expat.Shared.vcxitems*{8de9849b-dfc0-4a9c-946e-74f0035f321f}*SharedItemsImports = 4
		Expat.Shared\Expat.Shared.vcxitems*{adaa320e-9a19-4726-9aab-075c867172ad}*SharedItemsImports = 9
	EndGlobalSection
EndGlobal
